
Microsoft Visual Studio Solution File, Format Version 12.00
# Visual Studio Version 18
VisualStudioVersion = 18.0.11018.127
MinimumVisualStudioVersion = 10.0.40219.1
Project("{FAE04EC0-301F-11D3-BF4B-00C04F79EFBC}") = "ECMAScript", "src\ECMAScript\ECMAScript.csproj", "{1B2F2E1B-F998-4F49-A952-7826825BC86E}"
EndProject
Project("{FAE04EC0-301F-11D3-BF4B-00C04F79EFBC}") = "Jazor.CompilerTest", "src\Jazor.CompilerTest\Jazor.CompilerTest.csproj", "{5434BC66-0E3F-D446-CA4C-6A4AFF92B92D}"
EndProject
Project("{FAE04EC0-301F-11D3-BF4B-00C04F79EFBC}") = "Jazor.CLR", "src\Jazor.CLR\Jazor.CLR.csproj", "{10F382D9-D819-0581-9507-01565EE00357}"
EndProject
Project("{FAE04EC0-301F-11D3-BF4B-00C04F79EFBC}") = "Jazor.Analyzer", "src\Jazor.Analyzer\Jazor.Analyzer.csproj", "{6ADF2100-F136-A4FE-80B5-6B09A671F6D0}"
EndProject
Project("{FAE04EC0-301F-11D3-BF4B-00C04F79EFBC}") = "Jazor.Compiler", "src\Jazor.Compiler\Jazor.Compiler.csproj", "{3B4C2A65-76F4-2807-1553-A1FEFAE30033}"
EndProject
Project("{FAE04EC0-301F-11D3-BF4B-00C04F79EFBC}") = "Jazor.Test", "src\Jazor.Test\Jazor.Test.csproj", "{2CC2D19C-F46B-42FC-347F-52A049AA7C7E}"
EndProject
Project("{54A90642-561A-4BB1-A94E-469ADEE60C69}") = "ECMAScript.WebIDL", "src\ECMAScript.WebIDL\ECMAScript.WebIDL.esproj", "{6A077F28-AD13-E482-8A45-CAC145E659F2}"
EndProject
Project("{FAE04EC0-301F-11D3-BF4B-00C04F79EFBC}") = "Jazor.CLR.Generator", "src\Jazor.CLR.Generator\Jazor.CLR.Generator.csproj", "{7C141193-0263-D148-4D3B-396D4383F4D5}"
EndProject
Project("{FAE04EC0-301F-11D3-BF4B-00C04F79EFBC}") = "Jazor.Common", "src\Jazor.Common\Jazor.Common.csproj", "{F9B6CC72-9C0B-FD51-3708-A625BA8B7D57}"
EndProject
Project("{FAE04EC0-301F-11D3-BF4B-00C04F79EFBC}") = "Jazor.Name", "src\Jazor.Name\Jazor.Name.csproj", "{3B8C63E6-0B6C-75EF-337F-1EB2E1746788}"
EndProject
Project("{FAE04EC0-301F-11D3-BF4B-00C04F79EFBC}") = "Jazor.Compiler.Generator", "src\Jazor.Compiler.Generator\Jazor.Compiler.Generator.csproj", "{2D38C758-386F-C336-0B1D-BF97E08BFC31}"
EndProject
Global
	GlobalSection(SolutionConfigurationPlatforms) = preSolution
		Debug|Any CPU = Debug|Any CPU
		Release|Any CPU = Release|Any CPU
	EndGlobalSection
	GlobalSection(ProjectConfigurationPlatforms) = postSolution
		{1B2F2E1B-F998-4F49-A952-7826825BC86E}.Debug|Any CPU.ActiveCfg = Debug|Any CPU
		{1B2F2E1B-F998-4F49-A952-7826825BC86E}.Debug|Any CPU.Build.0 = Debug|Any CPU
		{1B2F2E1B-F998-4F49-A952-7826825BC86E}.Release|Any CPU.ActiveCfg = Release|Any CPU
		{1B2F2E1B-F998-4F49-A952-7826825BC86E}.Release|Any CPU.Build.0 = Release|Any CPU
		{5434BC66-0E3F-D446-CA4C-6A4AFF92B92D}.Debug|Any CPU.ActiveCfg = Debug|Any CPU
		{5434BC66-0E3F-D446-CA4C-6A4AFF92B92D}.Debug|Any CPU.Build.0 = Debug|Any CPU
		{5434BC66-0E3F-D446-CA4C-6A4AFF92B92D}.Release|Any CPU.ActiveCfg = Release|Any CPU
		{5434BC66-0E3F-D446-CA4C-6A4AFF92B92D}.Release|Any CPU.Build.0 = Release|Any CPU
		{10F382D9-D819-0581-9507-01565EE00357}.Debug|Any CPU.ActiveCfg = Debug|Any CPU
		{10F382D9-D819-0581-9507-01565EE00357}.Debug|Any CPU.Build.0 = Debug|Any CPU
		{10F382D9-D819-0581-9507-01565EE00357}.Release|Any CPU.ActiveCfg = Release|Any CPU
		{10F382D9-D819-0581-9507-01565EE00357}.Release|Any CPU.Build.0 = Release|Any CPU
		{6ADF2100-F136-A4FE-80B5-6B09A671F6D0}.Debug|Any CPU.ActiveCfg = Debug|Any CPU
		{6ADF2100-F136-A4FE-80B5-6B09A671F6D0}.Debug|Any CPU.Build.0 = Debug|Any CPU
		{6ADF2100-F136-A4FE-80B5-6B09A671F6D0}.Release|Any CPU.ActiveCfg = Release|Any CPU
		{6ADF2100-F136-A4FE-80B5-6B09A671F6D0}.Release|Any CPU.Build.0 = Release|Any CPU
		{3B4C2A65-76F4-2807-1553-A1FEFAE30033}.Debug|Any CPU.ActiveCfg = Debug|Any CPU
		{3B4C2A65-76F4-2807-1553-A1FEFAE30033}.Debug|Any CPU.Build.0 = Debug|Any CPU
		{3B4C2A65-76F4-2807-1553-A1FEFAE30033}.Release|Any CPU.ActiveCfg = Release|Any CPU
		{3B4C2A65-76F4-2807-1553-A1FEFAE30033}.Release|Any CPU.Build.0 = Release|Any CPU
		{2CC2D19C-F46B-42FC-347F-52A049AA7C7E}.Debug|Any CPU.ActiveCfg = Debug|Any CPU
		{2CC2D19C-F46B-42FC-347F-52A049AA7C7E}.Debug|Any CPU.Build.0 = Debug|Any CPU
		{2CC2D19C-F46B-42FC-347F-52A049AA7C7E}.Release|Any CPU.ActiveCfg = Release|Any CPU
		{2CC2D19C-F46B-42FC-347F-52A049AA7C7E}.Release|Any CPU.Build.0 = Release|Any CPU
		{6A077F28-AD13-E482-8A45-CAC145E659F2}.Debug|Any CPU.ActiveCfg = Debug|Any CPU
		{6A077F28-AD13-E482-8A45-CAC145E659F2}.Debug|Any CPU.Build.0 = Debug|Any CPU
		{6A077F28-AD13-E482-8A45-CAC145E659F2}.Debug|Any CPU.Deploy.0 = Debug|Any CPU
		{6A077F28-AD13-E482-8A45-CAC145E659F2}.Release|Any CPU.ActiveCfg = Release|Any CPU
		{6A077F28-AD13-E482-8A45-CAC145E659F2}.Release|Any CPU.Build.0 = Release|Any CPU
		{6A077F28-AD13-E482-8A45-CAC145E659F2}.Release|Any CPU.Deploy.0 = Release|Any CPU
		{7C141193-0263-D148-4D3B-396D4383F4D5}.Debug|Any CPU.ActiveCfg = Debug|Any CPU
		{7C141193-0263-D148-4D3B-396D4383F4D5}.Debug|Any CPU.Build.0 = Debug|Any CPU
		{7C141193-0263-D148-4D3B-396D4383F4D5}.Release|Any CPU.ActiveCfg = Release|Any CPU
		{7C141193-0263-D148-4D3B-396D4383F4D5}.Release|Any CPU.Build.0 = Release|Any CPU
		{F9B6CC72-9C0B-FD51-3708-A625BA8B7D57}.Debug|Any CPU.ActiveCfg = Debug|Any CPU
		{F9B6CC72-9C0B-FD51-3708-A625BA8B7D57}.Debug|Any CPU.Build.0 = Debug|Any CPU
		{F9B6CC72-9C0B-FD51-3708-A625BA8B7D57}.Release|Any CPU.ActiveCfg = Release|Any CPU
		{F9B6CC72-9C0B-FD51-3708-A625BA8B7D57}.Release|Any CPU.Build.0 = Release|Any CPU
		{3B8C63E6-0B6C-75EF-337F-1EB2E1746788}.Debug|Any CPU.ActiveCfg = Debug|Any CPU
		{3B8C63E6-0B6C-75EF-337F-1EB2E1746788}.Debug|Any CPU.Build.0 = Debug|Any CPU
		{3B8C63E6-0B6C-75EF-337F-1EB2E1746788}.Release|Any CPU.ActiveCfg = Release|Any CPU
		{3B8C63E6-0B6C-75EF-337F-1EB2E1746788}.Release|Any CPU.Build.0 = Release|Any CPU
		{2D38C758-386F-C336-0B1D-BF97E08BFC31}.Debug|Any CPU.ActiveCfg = Debug|Any CPU
		{2D38C758-386F-C336-0B1D-BF97E08BFC31}.Debug|Any CPU.Build.0 = Debug|Any CPU
		{2D38C758-386F-C336-0B1D-BF97E08BFC31}.Release|Any CPU.ActiveCfg = Release|Any CPU
		{2D38C758-386F-C336-0B1D-BF97E08BFC31}.Release|Any CPU.Build.0 = Release|Any CPU
	EndGlobalSection
	GlobalSection(SolutionProperties) = preSolution
		HideSolutionNode = FALSE
	EndGlobalSection
	GlobalSection(ExtensibilityGlobals) = postSolution
		SolutionGuid = {73F6DB25-A765-4626-B061-C5728A58184E}
	EndGlobalSection
EndGlobal
