{
  "version": "5",
  "specifiers": {
    "npm:@volar/language-core@2.4.28": "2.4.28",
    "npm:@volar/typescript@2.4.28": "2.4.28",
    "npm:@vue/compiler-sfc@3.5.13": "3.5.13",
    "npm:@vue/language-core@3.2.6": "3.2.6",
    "npm:@vue/language-service@3.2.6": "3.2.6",
    "npm:typescript@5.8.3": "5.8.3",
    "npm:volar-service-typescript@0.0.70": "0.0.70_@volar+language-service@2.4.28",
    "npm:vscode-uri@3.1.0": "3.1.0"
  },
  "npm": {
    "@babel/helper-string-parser@7.27.1": {
      "integrity": "sha512-qMlSxKbpRlAridDExk92nSobyDdpPijUq2DW6oDnUqd0iOGxmQjyqhMIihI9+zv4LPyZdRje2cavWPbCbWm3eA=="
    },
    "@babel/helper-validator-identifier@7.28.5": {
      "integrity": "sha512-qSs4ifwzKJSV39ucNjsvc6WVHs6b7S03sOh2OcHF9UHfVPqWWALUsNUVzhSBiItjRZoLHx7nIarVjqKVusUZ1Q=="
    },
    "@babel/parser@7.29.2": {
      "integrity": "sha512-4GgRzy/+fsBa72/RZVJmGKPmZu9Byn8o4MoLpmNe1m8ZfYnz5emHLQz3U4gLud6Zwl0RZIcgiLD7Uq7ySFuDLA==",
      "dependencies": [
        "@babel/types"
      ],
      "bin": true
    },
    "@babel/types@7.29.0": {
      "integrity": "sha512-LwdZHpScM4Qz8Xw2iKSzS+cfglZzJGvofQICy7W7v4caru4EaAmyUuO6BGrbyQ2mYV11W0U8j5mBhd14dd3B0A==",
      "dependencies": [
        "@babel/helper-string-parser",
        "@babel/helper-validator-identifier"
      ]
    },
    "@emmetio/abbreviation@2.3.3": {
      "integrity": "sha512-mgv58UrU3rh4YgbE/TzgLQwJ3pFsHHhCLqY20aJq+9comytTXUDNGG/SMtSeMJdkpxgXSXunBGLD8Boka3JyVA==",
      "dependencies": [
        "@emmetio/scanner"
      ]
    },
    "@emmetio/css-abbreviation@2.1.8": {
      "integrity": "sha512-s9yjhJ6saOO/uk1V74eifykk2CBYi01STTK3WlXWGOepyKa23ymJ053+DNQjpFcy1ingpaO7AxCcwLvHFY9tuw==",
      "dependencies": [
        "@emmetio/scanner"
      ]
    },
    "@emmetio/css-parser@0.4.1": {
      "integrity": "sha512-2bC6m0MV/voF4CTZiAbG5MWKbq5EBmDPKu9Sb7s7nVcEzNQlrZP6mFFFlIaISM8X6514H9shWMme1fCm8cWAfQ==",
      "dependencies": [
        "@emmetio/stream-reader",
        "@emmetio/stream-reader-utils"
      ]
    },
    "@emmetio/html-matcher@1.3.0": {
      "integrity": "sha512-NTbsvppE5eVyBMuyGfVu2CRrLvo7J4YHb6t9sBFLyY03WYhXET37qA4zOYUjBWFCRHO7pS1B9khERtY0f5JXPQ==",
      "dependencies": [
        "@emmetio/scanner"
      ]
    },
    "@emmetio/scanner@1.0.4": {
      "integrity": "sha512-IqRuJtQff7YHHBk4G8YZ45uB9BaAGcwQeVzgj/zj8/UdOhtQpEIupUhSk8dys6spFIWVZVeK20CzGEnqR5SbqA=="
    },
    "@emmetio/stream-reader-utils@0.1.0": {
      "integrity": "sha512-ZsZ2I9Vzso3Ho/pjZFsmmZ++FWeEd/txqybHTm4OgaZzdS8V9V/YYWQwg5TC38Z7uLWUV1vavpLLbjJtKubR1A=="
    },
    "@emmetio/stream-reader@2.2.0": {
      "integrity": "sha512-fXVXEyFA5Yv3M3n8sUGT7+fvecGrZP4k6FnWWMSZVQf69kAq0LLpaBQLGcPR30m3zMmKYhECP4k/ZkzvhEW5kw=="
    },
    "@johnsoncodehk/pug-beautify@0.2.2": {
      "integrity": "sha512-qqNS/YD0Nck5wtQLCPHAfGVgWbbGafxSPjNh0ekYPFSNNqnDH2kamnduzYly8IiADmeVx/MfAE1njMEjVeHTMA=="
    },
    "@jridgewell/sourcemap-codec@1.5.5": {
      "integrity": "sha512-cYQ9310grqxueWbl+WuIUIaiUaDcj7WOq5fVhEljNVgRfOUhY9fy2zTvfoqWsnebh8Sl70VScFbICvJnLKB0Og=="
    },
    "@volar/language-core@2.4.28": {
      "integrity": "sha512-w4qhIJ8ZSitgLAkVay6AbcnC7gP3glYM3fYwKV3srj8m494E3xtrCv6E+bWviiK/8hs6e6t1ij1s2Endql7vzQ==",
      "dependencies": [
        "@volar/source-map"
      ]
    },
    "@volar/language-service@2.4.28": {
      "integrity": "sha512-Rh/wYCZJrI5vCwMk9xyw/Z+MsWxlJY1rmMZPsxUoJKfzIRjS/NF1NmnuEcrMbEVGja00aVpCsInJfixQTMdvLw==",
      "dependencies": [
        "@volar/language-core",
        "vscode-languageserver-protocol",
        "vscode-languageserver-textdocument",
        "vscode-uri"
      ]
    },
    "@volar/source-map@2.4.28": {
      "integrity": "sha512-yX2BDBqJkRXfKw8my8VarTyjv48QwxdJtvRgUpNE5erCsgEUdI2DsLbpa+rOQVAJYshY99szEcRDmyHbF10ggQ=="
    },
    "@volar/typescript@2.4.28": {
      "integrity": "sha512-Ja6yvWrbis2QtN4ClAKreeUZPVYMARDYZl9LMEv1iQ1QdepB6wn0jTRxA9MftYmYa4DQ4k/DaSZpFPUfxl8giw==",
      "dependencies": [
        "@volar/language-core",
        "path-browserify",
        "vscode-uri"
      ]
    },
    "@vscode/emmet-helper@2.11.0": {
      "integrity": "sha512-QLxjQR3imPZPQltfbWRnHU6JecWTF1QSWhx3GAKQpslx7y3Dp6sIIXhKjiUJ/BR9FX8PVthjr9PD6pNwOJfAzw==",
      "dependencies": [
        "emmet",
        "jsonc-parser@2.3.1",
        "vscode-languageserver-textdocument",
        "vscode-languageserver-types",
        "vscode-uri"
      ]
    },
    "@vscode/l10n@0.0.18": {
      "integrity": "sha512-KYSIHVmslkaCDyw013pphY+d7x1qV8IZupYfeIfzNA+nsaWHbn5uPuQRvdRFsa9zFzGeudPuoGoZ1Op4jrJXIQ=="
    },
    "@vue/compiler-core@3.5.13": {
      "integrity": "sha512-oOdAkwqUfW1WqpwSYJce06wvt6HljgY3fGeM9NcVA1HaYOij3mZG9Rkysn0OHuyUAGMbEbARIpsG+LPVlBJ5/Q==",
      "dependencies": [
        "@babel/parser",
        "@vue/shared",
        "entities",
        "estree-walker",
        "source-map-js"
      ]
    },
    "@vue/compiler-dom@3.5.13": {
      "integrity": "sha512-ZOJ46sMOKUjO3e94wPdCzQ6P1Lx/vhp2RSvfaab88Ajexs0AHeV0uasYhi99WPaogmBlRHNRuly8xV75cNTMDA==",
      "dependencies": [
        "@vue/compiler-core",
        "@vue/shared"
      ]
    },
    "@vue/compiler-sfc@3.5.13": {
      "integrity": "sha512-6VdaljMpD82w6c2749Zhf5T9u5uLBWKnVue6XWxprDobftnletJ8+oel7sexFfM3qIxNmVE7LSFGTpv6obNyaQ==",
      "dependencies": [
        "@babel/parser",
        "@vue/compiler-core",
        "@vue/compiler-dom",
        "@vue/compiler-ssr",
        "@vue/shared",
        "estree-walker",
        "magic-string",
        "postcss",
        "source-map-js"
      ]
    },
    "@vue/compiler-ssr@3.5.13": {
      "integrity": "sha512-wMH6vrYHxQl/IybKJagqbquvxpWCuVYpoUJfCqFZwa/JY1GdATAQ+TgVtgrwwMZ0D07QhA99rs/EAAWfvG6KpA==",
      "dependencies": [
        "@vue/compiler-dom",
        "@vue/shared"
      ]
    },
    "@vue/language-core@3.2.6": {
      "integrity": "sha512-xYYYX3/aVup576tP/23sEUpgiEnujrENaoNRbaozC1/MA9I6EGFQRJb4xrt/MmUCAGlxTKL2RmT8JLTPqagCkg==",
      "dependencies": [
        "@volar/language-core",
        "@vue/compiler-dom",
        "@vue/shared",
        "alien-signals",
        "muggle-string",
        "path-browserify",
        "picomatch"
      ]
    },
    "@vue/language-plugin-pug@3.2.6": {
      "integrity": "sha512-lYspwAkAYRvydsxm+2bRMfb88amjsCi0TAYpqgZprRT7V5O0vGc4bNbV9Zm4WzSPbcsUMXCSntxyDfj6CSEj3A==",
      "dependencies": [
        "@volar/source-map",
        "muggle-string",
        "pug-lexer",
        "pug-parser",
        "vscode-languageserver-textdocument"
      ]
    },
    "@vue/language-service@3.2.6": {
      "integrity": "sha512-UlZrmbodqzHptmeD2D6tNu4Ot63gr1u19j17F6t+3QWmr+xPf6ynShaM1FTuISXibWIDIlByZsDDI72vvAix1g==",
      "dependencies": [
        "@volar/language-service",
        "@vue/language-core",
        "@vue/shared",
        "path-browserify",
        "volar-service-css",
        "volar-service-emmet",
        "volar-service-html",
        "volar-service-json",
        "volar-service-pug",
        "volar-service-pug-beautify",
        "volar-service-typescript",
        "vscode-html-languageservice",
        "vscode-uri"
      ]
    },
    "@vue/shared@3.5.13": {
      "integrity": "sha512-/hnE/qP5ZoGpol0a5mDi45bOd7t3tjYJBjsgCsivow7D48cJeV5l05RD82lPqi7gRiphZM37rnhW1l6ZoCNNnQ=="
    },
    "acorn@7.4.1": {
      "integrity": "sha512-nQyp0o1/mNdbTO1PO6kHkwSrmgZ0MT/jCCpNiwbUjGoRN4dlBhqJtoQuCnEOKzgTVwg0ZWiCoQy6SxMebQVh8A==",
      "bin": true
    },
    "alien-signals@3.1.2": {
      "integrity": "sha512-d9dYqZTS90WLiU0I5c6DHj/HcKkF8ZyGN3G5x8wSbslulz70KOxaqCT0hQCo9KOyhVqzqGojvNdJXoTumZOtcw=="
    },
    "call-bind-apply-helpers@1.0.2": {
      "integrity": "sha512-Sp1ablJ0ivDkSzjcaJdxEunN5/XvksFJ2sMBFfq6x0ryhQV/2b/KwFe21cMpmHtPOSij8K99/wSfoEuTObmuMQ==",
      "dependencies": [
        "es-errors",
        "function-bind"
      ]
    },
    "call-bound@1.0.4": {
      "integrity": "sha512-+ys997U96po4Kx/ABpBCqhA9EuxJaQWDQg7295H4hBphv3IZg0boBKuwYpt4YXp6MZ5AmZQnU/tyMTlRpaSejg==",
      "dependencies": [
        "call-bind-apply-helpers",
        "get-intrinsic"
      ]
    },
    "character-parser@2.2.0": {
      "integrity": "sha512-+UqJQjFEFaTAs3bNsF2j2kEN1baG/zghZbdqoYEDxGZtJo9LBzl1A+m0D4n3qKx8N2FNv8/Xp6yV9mQmBuptaw==",
      "dependencies": [
        "is-regex"
      ]
    },
    "dunder-proto@1.0.1": {
      "integrity": "sha512-KIN/nDJBQRcXw0MLVhZE9iQHmG68qAVIBg9CqmUYjmQIhgij9U5MFvrqkUL5FbtyyzZuOeOt0zdeRe4UY7ct+A==",
      "dependencies": [
        "call-bind-apply-helpers",
        "es-errors",
        "gopd"
      ]
    },
    "emmet@2.4.11": {
      "integrity": "sha512-23QPJB3moh/U9sT4rQzGgeyyGIrcM+GH5uVYg2C6wZIxAIJq7Ng3QLT79tl8FUwDXhyq9SusfknOrofAKqvgyQ==",
      "dependencies": [
        "@emmetio/abbreviation",
        "@emmetio/css-abbreviation"
      ]
    },
    "entities@4.5.0": {
      "integrity": "sha512-V0hjH4dGPh9Ao5p0MoRY6BVqtwCjhz6vI5LT8AJ55H+4g9/4vbHx1I54fS0XuclLhDHArPQCiMjDxjaL8fPxhw=="
    },
    "es-define-property@1.0.1": {
      "integrity": "sha512-e3nRfgfUZ4rNGL232gUgX06QNyyez04KdjFrF+LTRoOXmrOgFKDg4BCdsjW8EnT69eqdYGmRpJwiPVYNrCaW3g=="
    },
    "es-errors@1.3.0": {
      "integrity": "sha512-Zf5H2Kxt2xjTvbJvP2ZWLEICxA6j+hAmMzIlypy4xcBg1vKVnx89Wy0GbS+kf5cwCVFFzdCFh2XSCFNULS6csw=="
    },
    "es-object-atoms@1.1.1": {
      "integrity": "sha512-FGgH2h8zKNim9ljj7dankFPcICIK9Cp5bm+c2gQSYePhpaG5+esrLODihIorn+Pe6FGJzWhXQotPv73jTaldXA==",
      "dependencies": [
        "es-errors"
      ]
    },
    "estree-walker@2.0.2": {
      "integrity": "sha512-Rfkk/Mp/DL7JVje3u18FxFujQlTNR2q6QfMSMB7AvCBx91NGj/ba3kCfza0f6dVDbw7YlRf/nDrn7pQrCCyQ/w=="
    },
    "function-bind@1.1.2": {
      "integrity": "sha512-7XHNxH7qX9xG5mIwxkhumTox/MIRNcOgDrxWsMt2pAr23WHp6MrRlN7FBSFpCpr+oVO0F744iUgR82nJMfG2SA=="
    },
    "get-intrinsic@1.3.0": {
      "integrity": "sha512-9fSjSaos/fRIVIp+xSJlE6lfwhES7LNtKaCBIamHsjr2na1BiABJPo0mOjjz8GJDURarmCPGqaiVg5mfjb98CQ==",
      "dependencies": [
        "call-bind-apply-helpers",
        "es-define-property",
        "es-errors",
        "es-object-atoms",
        "function-bind",
        "get-proto",
        "gopd",
        "has-symbols",
        "hasown",
        "math-intrinsics"
      ]
    },
    "get-proto@1.0.1": {
      "integrity": "sha512-sTSfBjoXBp89JvIKIefqw7U2CCebsc74kiY6awiGogKtoSGbgjYE/G/+l9sF3MWFPNc9IcoOC4ODfKHfxFmp0g==",
      "dependencies": [
        "dunder-proto",
        "es-object-atoms"
      ]
    },
    "gopd@1.2.0": {
      "integrity": "sha512-ZUKRh6/kUFoAiTAtTYPZJ3hw9wNxx+BIBOijnlG9PnrJsCcSjs1wyyD6vJpaYtgnzDrKYRSqf3OO6Rfa93xsRg=="
    },
    "has-symbols@1.1.0": {
      "integrity": "sha512-1cDNdwJ2Jaohmb3sg4OmKaMBwuC48sYni5HUw2DvsC8LjGTLK9h+eb1X6RyuOHe4hT0ULCW68iomhjUoKUqlPQ=="
    },
    "has-tostringtag@1.0.2": {
      "integrity": "sha512-NqADB8VjPFLM2V0VvHUewwwsw0ZWBaIdgo+ieHtK3hasLz4qeCRjYcqfB6AQrBggRKppKF8L52/VqdVsO47Dlw==",
      "dependencies": [
        "has-symbols"
      ]
    },
    "hasown@2.0.2": {
      "integrity": "sha512-0hJU9SCPvmMzIBdZFqNPXWa6dqh7WdH0cII9y+CyS8rG3nL48Bclra9HmKhVVUHyPWNH5Y7xDwAB7bfgSjkUMQ==",
      "dependencies": [
        "function-bind"
      ]
    },
    "is-expression@4.0.0": {
      "integrity": "sha512-zMIXX63sxzG3XrkHkrAPvm/OVZVSCPNkwMHU8oTX7/U3AL78I0QXCEICXUM13BIa8TYGZ68PiTKfQz3yaTNr4A==",
      "dependencies": [
        "acorn",
        "object-assign"
      ]
    },
    "is-regex@1.2.1": {
      "integrity": "sha512-MjYsKHO5O7mCsmRGxWcLWheFqN9DJ/2TmngvjKXihe6efViPqc274+Fx/4fYj/r03+ESvBdTXK0V6tA3rgez1g==",
      "dependencies": [
        "call-bound",
        "gopd",
        "has-tostringtag",
        "hasown"
      ]
    },
    "jsonc-parser@2.3.1": {
      "integrity": "sha512-H8jvkz1O50L3dMZCsLqiuB2tA7muqbSg1AtGEkN0leAqGjsUzDJir3Zwr02BhqdcITPg3ei3mZ+HjMocAknhhg=="
    },
    "jsonc-parser@3.3.1": {
      "integrity": "sha512-HUgH65KyejrUFPvHFPbqOY0rsFip3Bo5wb4ngvdi1EpCYWUQDC5V+Y7mZws+DLkr4M//zQJoanu1SP+87Dv1oQ=="
    },
    "magic-string@0.30.21": {
      "integrity": "sha512-vd2F4YUyEXKGcLHoq+TEyCjxueSeHnFxyyjNp80yg0XV4vUhnDer/lvvlqM/arB5bXQN5K2/3oinyCRyx8T2CQ==",
      "dependencies": [
        "@jridgewell/sourcemap-codec"
      ]
    },
    "math-intrinsics@1.1.0": {
      "integrity": "sha512-/IXtbwEk5HTPyEwyKX6hGkYXxM9nbj64B+ilVJnC/R6B0pH5G4V3b0pVbL7DBj4tkhBAppbQUlf6F6Xl9LHu1g=="
    },
    "muggle-string@0.4.1": {
      "integrity": "sha512-VNTrAak/KhO2i8dqqnqnAHOa3cYBwXEZe9h+D5h/1ZqFSTEFHdM65lR7RoIqq3tBBYavsOXV84NoHXZ0AkPyqQ=="
    },
    "nanoid@3.3.11": {
      "integrity": "sha512-N8SpfPUnUp1bK+PMYW8qSWdl9U+wwNWI4QKxOYDy9JAro3WMX7p2OeVRF9v+347pnakNevPmiHhNmZ2HbFA76w==",
      "bin": true
    },
    "object-assign@4.1.1": {
      "integrity": "sha512-rJgTQnkUnH1sFw8yT6VSU3zD3sWmu6sZhIseY8VX+GRu3P6F7Fu+JNDoXfklElbLJSnc3FUQHVe4cU5hj+BcUg=="
    },
    "path-browserify@1.0.1": {
      "integrity": "sha512-b7uo2UCUOYZcnF/3ID0lulOJi/bafxa1xPe7ZPsammBSpjSWQkjNxlt635YGS2MiR9GjvuXCtz2emr3jbsz98g=="
    },
    "picocolors@1.1.1": {
      "integrity": "sha512-xceH2snhtb5M9liqDsmEw56le376mTZkEX/jEb/RxNFyegNul7eNslCXP9FDj/Lcu0X8KEyMceP2ntpaHrDEVA=="
    },
    "picomatch@4.0.4": {
      "integrity": "sha512-QP88BAKvMam/3NxH6vj2o21R6MjxZUAd6nlwAS/pnGvN9IVLocLHxGYIzFhg6fUQ+5th6P4dv4eW9jX3DSIj7A=="
    },
    "postcss@8.5.9": {
      "integrity": "sha512-7a70Nsot+EMX9fFU3064K/kdHWZqGVY+BADLyXc8Dfv+mTLLVl6JzJpPaCZ2kQL9gIJvKXSLMHhqdRRjwQeFtw==",
      "dependencies": [
        "nanoid",
        "picocolors",
        "source-map-js"
      ]
    },
    "pug-error@2.1.0": {
      "integrity": "sha512-lv7sU9e5Jk8IeUheHata6/UThZ7RK2jnaaNztxfPYUY+VxZyk/ePVaNZ/vwmH8WqGvDz3LrNYt/+gA55NDg6Pg=="
    },
    "pug-lexer@5.0.1": {
      "integrity": "sha512-0I6C62+keXlZPZkOJeVam9aBLVP2EnbeDw3An+k0/QlqdwH6rv8284nko14Na7c0TtqtogfWXcRoFE4O4Ff20w==",
      "dependencies": [
        "character-parser",
        "is-expression",
        "pug-error"
      ]
    },
    "pug-parser@6.0.0": {
      "integrity": "sha512-ukiYM/9cH6Cml+AOl5kETtM9NR3WulyVP2y4HOU45DyMim1IeP/OOiyEWRr6qk5I5klpsBnbuHpwKmTx6WURnw==",
      "dependencies": [
        "pug-error",
        "token-stream"
      ]
    },
    "semver@7.7.4": {
      "integrity": "sha512-vFKC2IEtQnVhpT78h1Yp8wzwrf8CM+MzKMHGJZfBtzhZNycRFnXsHk6E5TxIkkMsgNS7mdX3AGB7x2QM2di4lA==",
      "bin": true
    },
    "source-map-js@1.2.1": {
      "integrity": "sha512-UXWMKhLOwVKb728IUtQPXxfYU+usdybtUrK/8uGE8CQMvrhOpwvzDBwj0QhSL7MQc7vIsISBG8VQ8+IDQxpfQA=="
    },
    "token-stream@1.0.0": {
      "integrity": "sha512-VSsyNPPW74RpHwR8Fc21uubwHY7wMDeJLys2IX5zJNih+OnAnaifKHo+1LHT7DAdloQ7apeaaWg8l7qnf/TnEg=="
    },
    "typescript-auto-import-cache@0.3.6": {
      "integrity": "sha512-RpuHXrknHdVdK7wv/8ug3Fr0WNsNi5l5aB8MYYuXhq2UH5lnEB1htJ1smhtD5VeCsGr2p8mUDtd83LCQDFVgjQ==",
      "dependencies": [
        "semver"
      ]
    },
    "typescript@5.8.3": {
      "integrity": "sha512-p1diW6TqL9L07nNxvRMM7hMMw4c5XOo/1ibL4aAIGmSAt9slTE1Xgw5KWuof2uTOvCg9BY7ZRi+GaF+7sfgPeQ==",
      "bin": true
    },
    "volar-service-css@0.0.70_@volar+language-service@2.4.28": {
      "integrity": "sha512-K1qyOvBpE3rzdAv3e4/6Rv5yizrYPy5R/ne3IWCAzLBuMO4qBMV3kSqWzj6KUVe6S0AnN6wxF7cRkiaKfYMYJw==",
      "dependencies": [
        "@volar/language-service",
        "vscode-css-languageservice",
        "vscode-languageserver-textdocument",
        "vscode-uri"
      ],
      "optionalPeers": [
        "@volar/language-service"
      ]
    },
    "volar-service-emmet@0.0.70_@volar+language-service@2.4.28": {
      "integrity": "sha512-xi5bC4m/VyE3zy/n2CXspKeDZs3qA41tHLTw275/7dNWM/RqE2z3BnDICQybHIVp/6G1iOQj5c1qXMgQC08TNg==",
      "dependencies": [
        "@emmetio/css-parser",
        "@emmetio/html-matcher",
        "@volar/language-service",
        "@vscode/emmet-helper",
        "vscode-uri"
      ],
      "optionalPeers": [
        "@volar/language-service"
      ]
    },
    "volar-service-html@0.0.70_@volar+language-service@2.4.28": {
      "integrity": "sha512-eR6vCgMdmYAo4n+gcT7DSyBQbwB8S3HZZvSagTf0sxNaD4WppMCFfpqWnkrlGStPKMZvMiejRRVmqsX9dYcTvQ==",
      "dependencies": [
        "@volar/language-service",
        "vscode-html-languageservice",
        "vscode-languageserver-textdocument",
        "vscode-uri"
      ],
      "optionalPeers": [
        "@volar/language-service"
      ]
    },
    "volar-service-json@0.0.70_@volar+language-service@2.4.28": {
      "integrity": "sha512-cRP18LqxZU3vYsSqm2wQ5de689SlTnQ7iuHj/9SeVvfUncu8S0pmobMPnSZCzqkQzt2tbAvz4UNugVOyqhkQLw==",
      "dependencies": [
        "@volar/language-service",
        "vscode-json-languageservice",
        "vscode-uri"
      ],
      "optionalPeers": [
        "@volar/language-service"
      ]
    },
    "volar-service-pug-beautify@0.0.70_@volar+language-service@2.4.28": {
      "integrity": "sha512-4Ji7d4srisSSaFs6AfcobtzjAJUVobs3UfyWVhxuJnjcL5DsqbwFv2iwGCvGGTJmZxm1PbPN9r5tkUnPr8ZAOA==",
      "dependencies": [
        "@johnsoncodehk/pug-beautify",
        "@volar/language-service"
      ],
      "optionalPeers": [
        "@volar/language-service"
      ]
    },
    "volar-service-pug@0.0.70": {
      "integrity": "sha512-9P+hgNVfd0BpdwBcErBNLESH4K66BEOZIPwjAb3DBpbTkPfQXa2r6MAvz/nkIh/bOG7/OO3W1eEPJRUEqzUOmw==",
      "dependencies": [
        "@volar/language-service",
        "@vue/language-plugin-pug",
        "volar-service-html",
        "vscode-html-languageservice",
        "vscode-languageserver-textdocument"
      ]
    },
    "volar-service-typescript@0.0.70_@volar+language-service@2.4.28": {
      "integrity": "sha512-l46Bx4cokkUedTd74ojO5H/zqHZJ8SUuyZ0IB8JN4jfRqUM3bQFBHoOwlZCyZmOeO0A3RQNkMnFclxO4c++gsg==",
      "dependencies": [
        "@volar/language-service",
        "path-browserify",
        "semver",
        "typescript-auto-import-cache",
        "vscode-languageserver-textdocument",
        "vscode-nls",
        "vscode-uri"
      ],
      "optionalPeers": [
        "@volar/language-service"
      ]
    },
    "vscode-css-languageservice@6.3.10": {
      "integrity": "sha512-eq5N9Er3fC4vA9zd9EFhyBG90wtCCuXgRSpAndaOgXMh1Wgep5lBgRIeDgjZBW9pa+332yC9+49cZMW8jcL3MA==",
      "dependencies": [
        "@vscode/l10n",
        "vscode-languageserver-textdocument",
        "vscode-languageserver-types",
        "vscode-uri"
      ]
    },
    "vscode-html-languageservice@5.6.2": {
      "integrity": "sha512-ulCrSnFnfQ16YzvwnYUgEbUEl/ZG7u2eV27YhvLObSHKkb8fw1Z9cgsnUwjTEeDIdJDoTDTDpxuhQwoenoLNMg==",
      "dependencies": [
        "@vscode/l10n",
        "vscode-languageserver-textdocument",
        "vscode-languageserver-types",
        "vscode-uri"
      ]
    },
    "vscode-json-languageservice@5.7.2": {
      "integrity": "sha512-WtKRDtJfFEmLrgtu+ODexOHm/6/krRF0k6t+uvkKIKW1Jh9ZIyxZQwJJwB3qhrEgvAxa37zbUg+vn+UyUK/U2w==",
      "dependencies": [
        "@vscode/l10n",
        "jsonc-parser@3.3.1",
        "vscode-languageserver-textdocument",
        "vscode-languageserver-types",
        "vscode-uri"
      ]
    },
    "vscode-jsonrpc@8.2.0": {
      "integrity": "sha512-C+r0eKJUIfiDIfwJhria30+TYWPtuHJXHtI7J0YlOmKAo7ogxP20T0zxB7HZQIFhIyvoBPwWskjxrvAtfjyZfA=="
    },
    "vscode-languageserver-protocol@3.17.5": {
      "integrity": "sha512-mb1bvRJN8SVznADSGWM9u/b07H7Ecg0I3OgXDuLdn307rl/J3A9YD6/eYOssqhecL27hK1IPZAsaqh00i/Jljg==",
      "dependencies": [
        "vscode-jsonrpc",
        "vscode-languageserver-types"
      ]
    },
    "vscode-languageserver-textdocument@1.0.12": {
      "integrity": "sha512-cxWNPesCnQCcMPeenjKKsOCKQZ/L6Tv19DTRIGuLWe32lyzWhihGVJ/rcckZXJxfdKCFvRLS3fpBIsV/ZGX4zA=="
    },
    "vscode-languageserver-types@3.17.5": {
      "integrity": "sha512-Ld1VelNuX9pdF39h2Hgaeb5hEZM2Z3jUrrMgWQAu82jMtZp7p3vJT3BzToKtZI7NgQssZje5o0zryOrhQvzQAg=="
    },
    "vscode-nls@5.2.0": {
      "integrity": "sha512-RAaHx7B14ZU04EU31pT+rKz2/zSl7xMsfIZuo8pd+KZO6PXtQmpevpq3vxvWNcrGbdmhM/rr5Uw5Mz+NBfhVng=="
    },
    "vscode-uri@3.1.0": {
      "integrity": "sha512-/BpdSx+yCQGnCvecbyXdxHDkuk55/G3xwnC0GqY4gmQ3j+A+g8kzzgB4Nk/SINjqn6+waqw3EgbVF2QKExkRxQ=="
    }
  }
}
