{
  "version": "5",
  "specifiers": {
    "npm:@webref/css@8.7.1": "8.7.1_css-tree@3.2.1",
    "npm:@webref/events@1.24.2": "1.24.2",
    "npm:@webref/idl@3.82.0": "3.82.0_webidl2@24.5.0",
    "npm:@webref/xref@1.2.11": "1.2.11",
    "npm:parse5@8.0.0": "8.0.0",
    "npm:webidl2@24.5.0": "24.5.0"
  },
  "npm": {
    "@webref/css@8.7.1_css-tree@3.2.1": {
      "integrity": "sha512-O60bIKYKl5RpLYsWOnOlWzBCEa2NYKapaeg28gOxsjfHHFK51BWRFcwFNJG04lcZxE6yzrEhWzsW35Bjv5RRXA==",
      "dependencies": [
        "css-tree"
      ],
      "tarball": "https://registry.npmmirror.com/@webref/css/-/css-8.7.1.tgz"
    },
    "@webref/events@1.24.2": {
      "integrity": "sha512-S3JHyiNM7zk0Y2WVmrOVCGXRxzEIWcw7dWEVpLCiWw5MhTaCOKimD/qHIqgBwOzVn0a5uOEGEQXbd2sHngfnug==",
      "tarball": "https://registry.npmmirror.com/@webref/events/-/events-1.24.2.tgz"
    },
    "@webref/idl@3.82.0_webidl2@24.5.0": {
      "integrity": "sha512-jlL7eUjthI3DQu/3c+vfXIFQMDiDN4u4U+6pYrYk5NSdsCY7nRsbqMnI5WktUqrTrcCl1czL02xFZyaiLbEVmw==",
      "dependencies": [
        "webidl2"
      ],
      "tarball": "https://registry.npmmirror.com/@webref/idl/-/idl-3.82.0.tgz"
    },
    "@webref/xref@1.2.11": {
      "integrity": "sha512-f7Floj+3w5p0uNcpgWDgSeOlZzjYtVF5uRYowHK8yovJLxxbRUjS4ZHNeP8Zpf45t3c6bMm6Ac5q9Tdko4t+MA==",
      "tarball": "https://registry.npmmirror.com/@webref/xref/-/xref-1.2.11.tgz"
    },
    "css-tree@3.2.1": {
      "integrity": "sha512-X7sjQzceUhu1u7Y/ylrRZFU2FS6LRiFVp6rKLPg23y3x3c3DOKAwuXGDp+PAGjh6CSnCjYeAul8pcT8bAl+lSA==",
      "dependencies": [
        "mdn-data",
        "source-map-js"
      ],
      "tarball": "https://registry.npmmirror.com/css-tree/-/css-tree-3.2.1.tgz"
    },
    "entities@6.0.1": {
      "integrity": "sha512-aN97NXWF6AWBTahfVOIrB/NShkzi5H7F9r1s9mD3cDj4Ko5f2qhhVoYMibXF7GlLveb/D2ioWay8lxI97Ven3g==",
      "tarball": "https://registry.npmmirror.com/entities/-/entities-6.0.1.tgz"
    },
    "mdn-data@2.27.1": {
      "integrity": "sha512-9Yubnt3e8A0OKwxYSXyhLymGW4sCufcLG6VdiDdUGVkPhpqLxlvP5vl1983gQjJl3tqbrM731mjaZaP68AgosQ==",
      "tarball": "https://registry.npmmirror.com/mdn-data/-/mdn-data-2.27.1.tgz"
    },
    "parse5@8.0.0": {
      "integrity": "sha512-9m4m5GSgXjL4AjumKzq1Fgfp3Z8rsvjRNbnkVwfu2ImRqE5D0LnY2QfDen18FSY9C573YU5XxSapdHZTZ2WolA==",
      "dependencies": [
        "entities"
      ],
      "tarball": "https://registry.npmmirror.com/parse5/-/parse5-8.0.0.tgz"
    },
    "source-map-js@1.2.1": {
      "integrity": "sha512-UXWMKhLOwVKb728IUtQPXxfYU+usdybtUrK/8uGE8CQMvrhOpwvzDBwj0QhSL7MQc7vIsISBG8VQ8+IDQxpfQA==",
      "tarball": "https://registry.npmmirror.com/source-map-js/-/source-map-js-1.2.1.tgz"
    },
    "webidl2@24.5.0": {
      "integrity": "sha512-fxOigKkIem1iAgQ9t4cFOP+kWEA8y6Be/uh50FpJh0FijoeeT/VMrOyJzNLUgjy0rGMEcHeReKDCqj0g9dIe9A==",
      "tarball": "https://registry.npmmirror.com/webidl2/-/webidl2-24.5.0.tgz"
    }
  },
  "workspace": {
    "dependencies": [
      "npm:@webref/css@8.7.1",
      "npm:@webref/events@1.24.2",
      "npm:@webref/idl@3.82.0",
      "npm:@webref/xref@1.2.11",
      "npm:parse5@8.0.0",
      "npm:webidl2@24.5.0"
    ]
  }
}
